
Microsoft Visual Studio Solution File, Format Version 12.00
# Visual Studio Version 17
VisualStudioVersion = 17.9.34728.123
MinimumVisualStudioVersion = 10.0.40219.1
Project("{FAE04EC0-301F-11D3-BF4B-00C04F79EFBC}") = "practicaUno", "practicaUno\practicaUno.csproj", "{E6474B61-51D9-4FAD-A0B0-12F08C36A162}"
EndProject
Global
	GlobalSection(SolutionConfigurationPlatforms) = preSolution
		Debug|Any CPU = Debug|Any CPU
		Release|Any CPU = Release|Any CPU
	EndGlobalSection
	GlobalSection(ProjectConfigurationPlatforms) = postSolution
		{E6474B61-51D9-4FAD-A0B0-12F08C36A162}.Debug|Any CPU.ActiveCfg = Debug|Any CPU
		{E6474B61-51D9-4FAD-A0B0-12F08C36A162}.Debug|Any CPU.Build.0 = Debug|Any CPU
		{E6474B61-51D9-4FAD-A0B0-12F08C36A162}.Release|Any CPU.ActiveCfg = Release|Any CPU
		{E6474B61-51D9-4FAD-A0B0-12F08C36A162}.Release|Any CPU.Build.0 = Release|Any CPU
	EndGlobalSection
	GlobalSection(SolutionProperties) = preSolution
		HideSolutionNode = FALSE
	EndGlobalSection
	GlobalSection(ExtensibilityGlobals) = postSolution
		SolutionGuid = {39F84C36-3AE3-426D-8024-CB82DB9B0B9B}
	EndGlobalSection
EndGlobal
